
Microsoft Visual Studio Solution File, Format Version 12.00
Project("{FAE04EC0-301F-11D3-BF4B-00C04F79EFBC}") = "AteshgahPracticalTest", "AteshgahPracticalTest\AteshgahPracticalTest.csproj", "{237BBEA8-E6F6-4E16-A832-C68E1677A325}"
EndProject
Project("{FAE04EC0-301F-11D3-BF4B-00C04F79EFBC}") = "NUnitPracticalTest", "NUnitPracticalTest\NUnitPracticalTest.csproj", "{08225931-8814-4AAD-B363-F6E637D77AF9}"
EndProject
Global
	GlobalSection(SolutionConfigurationPlatforms) = preSolution
		Debug|Any CPU = Debug|Any CPU
		Release|Any CPU = Release|Any CPU
	EndGlobalSection
	GlobalSection(ProjectConfigurationPlatforms) = postSolution
		{237BBEA8-E6F6-4E16-A832-C68E1677A325}.Debug|Any CPU.ActiveCfg = Debug|Any CPU
		{237BBEA8-E6F6-4E16-A832-C68E1677A325}.Debug|Any CPU.Build.0 = Debug|Any CPU
		{237BBEA8-E6F6-4E16-A832-C68E1677A325}.Release|Any CPU.ActiveCfg = Release|Any CPU
		{237BBEA8-E6F6-4E16-A832-C68E1677A325}.Release|Any CPU.Build.0 = Release|Any CPU
		{08225931-8814-4AAD-B363-F6E637D77AF9}.Debug|Any CPU.ActiveCfg = Debug|Any CPU
		{08225931-8814-4AAD-B363-F6E637D77AF9}.Debug|Any CPU.Build.0 = Debug|Any CPU
		{08225931-8814-4AAD-B363-F6E637D77AF9}.Release|Any CPU.ActiveCfg = Release|Any CPU
		{08225931-8814-4AAD-B363-F6E637D77AF9}.Release|Any CPU.Build.0 = Release|Any CPU
	EndGlobalSection
EndGlobal
